// !$*UTF8*$!
{
	archiveVersion = 1;
	classes = {
	};
	objectVersion = 46;
	objects = {

/* Begin PBXBuildFile section */
		E4328149138ABC9F0047C5CB /* openFrameworksDebug.a in Frameworks */ = {isa = PBXBuildFile; fileRef = E4328148138ABC890047C5CB /* openFrameworksDebug.a */; };
		E4B69E200A3A1BDC003C02F2 /* main.cpp in Sources */ = {isa = PBXBuildFile; fileRef = E4B69E1D0A3A1BDC003C02F2 /* main.cpp */; };
		E4B69E210A3A1BDC003C02F2 /* ofApp.cpp in Sources */ = {isa = PBXBuildFile; fileRef = E4B69E1E0A3A1BDC003C02F2 /* ofApp.cpp */; };
		EE8586EF1C6244C100350C7A /* ofxBaseGui.cpp in Sources */ = {isa = PBXBuildFile; fileRef = EE8586DE1C6244C100350C7A /* ofxBaseGui.cpp */; };
		EE8586F01C6244C100350C7A /* ofxButton.cpp in Sources */ = {isa = PBXBuildFile; fileRef = EE8586E01C6244C100350C7A /* ofxButton.cpp */; };
		EE8586F11C6244C100350C7A /* ofxGuiGroup.cpp in Sources */ = {isa = PBXBuildFile; fileRef = EE8586E31C6244C100350C7A /* ofxGuiGroup.cpp */; };
		EE8586F21C6244C100350C7A /* ofxLabel.cpp in Sources */ = {isa = PBXBuildFile; fileRef = EE8586E51C6244C100350C7A /* ofxLabel.cpp */; };
		EE8586F31C6244C100350C7A /* ofxPanel.cpp in Sources */ = {isa = PBXBuildFile; fileRef = EE8586E71C6244C100350C7A /* ofxPanel.cpp */; };
		EE8586F41C6244C100350C7A /* ofxSlider.cpp in Sources */ = {isa = PBXBuildFile; fileRef = EE8586E91C6244C100350C7A /* ofxSlider.cpp */; };
		EE8586F51C6244C100350C7A /* ofxSliderGroup.cpp in Sources */ = {isa = PBXBuildFile; fileRef = EE8586EB1C6244C100350C7A /* ofxSliderGroup.cpp */; };
		EE8586F61C6244C100350C7A /* ofxToggle.cpp in Sources */ = {isa = PBXBuildFile; fileRef = EE8586ED1C6244C100350C7A /* ofxToggle.cpp */; };
		EE8587231C6282E500350C7A /* PGMidi.mm in Sources */ = {isa = PBXBuildFile; fileRef = EE8586FC1C6282E500350C7A /* PGMidi.mm */; };
		EE8587241C6282E500350C7A /* PGMidiAllSources.mm in Sources */ = {isa = PBXBuildFile; fileRef = EE8586FE1C6282E500350C7A /* PGMidiAllSources.mm */; };
		EE8587251C6282E500350C7A /* PGMidiFind.mm in Sources */ = {isa = PBXBuildFile; fileRef = EE8587001C6282E500350C7A /* PGMidiFind.mm */; };
		EE8587261C6282E500350C7A /* README.md in Sources */ = {isa = PBXBuildFile; fileRef = EE8587011C6282E500350C7A /* README.md */; };
		EE8587271C6282E500350C7A /* RtMidi.cpp in Sources */ = {isa = PBXBuildFile; fileRef = EE8587041C6282E500350C7A /* RtMidi.cpp */; };
		EE8587281C6282E500350C7A /* ofxRtMidiIn.cpp in Sources */ = {isa = PBXBuildFile; fileRef = EE8587081C6282E500350C7A /* ofxRtMidiIn.cpp */; };
		EE8587291C6282E500350C7A /* ofxRtMidiOut.cpp in Sources */ = {isa = PBXBuildFile; fileRef = EE85870A1C6282E500350C7A /* ofxRtMidiOut.cpp */; };
		EE85872F1C6282E500350C7A /* ofxBaseMidi.cpp in Sources */ = {isa = PBXBuildFile; fileRef = EE8587171C6282E500350C7A /* ofxBaseMidi.cpp */; };
		EE8587301C6282E500350C7A /* ofxMidi.cpp in Sources */ = {isa = PBXBuildFile; fileRef = EE8587191C6282E500350C7A /* ofxMidi.cpp */; };
		EE8587311C6282E500350C7A /* ofxMidiIn.cpp in Sources */ = {isa = PBXBuildFile; fileRef = EE85871C1C6282E500350C7A /* ofxMidiIn.cpp */; };
		EE8587321C6282E500350C7A /* ofxMidiMessage.cpp in Sources */ = {isa = PBXBuildFile; fileRef = EE85871E1C6282E500350C7A /* ofxMidiMessage.cpp */; };
		EE8587331C6282E500350C7A /* ofxMidiOut.cpp in Sources */ = {isa = PBXBuildFile; fileRef = EE8587201C6282E500350C7A /* ofxMidiOut.cpp */; };
		EE8587361C6284D700350C7A /* CoreMIDI.framework in Frameworks */ = {isa = PBXBuildFile; fileRef = EE8587351C6284D700350C7A /* CoreMIDI.framework */; };
/* End PBXBuildFile section */

/* Begin PBXContainerItemProxy section */
		E4328147138ABC890047C5CB /* PBXContainerItemProxy */ = {
			isa = PBXContainerItemProxy;
			containerPortal = E4328143138ABC890047C5CB /* openFrameworksLib.xcodeproj */;
			proxyType = 2;
			remoteGlobalIDString = E4B27C1510CBEB8E00536013;
			remoteInfo = openFrameworks;
		};
		E4EEB9AB138B136A00A80321 /* PBXContainerItemProxy */ = {
			isa = PBXContainerItemProxy;
			containerPortal = E4328143138ABC890047C5CB /* openFrameworksLib.xcodeproj */;
			proxyType = 1;
			remoteGlobalIDString = E4B27C1410CBEB8E00536013;
			remoteInfo = openFrameworks;
		};
/* End PBXContainerItemProxy section */

/* Begin PBXCopyFilesBuildPhase section */
		E4C2427710CC5ABF004149E2 /* CopyFiles */ = {
			isa = PBXCopyFilesBuildPhase;
			buildActionMask = 2147483647;
			dstPath = "";
			dstSubfolderSpec = 10;
			files = (
			);
			runOnlyForDeploymentPostprocessing = 0;
		};
/* End PBXCopyFilesBuildPhase section */

/* Begin PBXFileReference section */
		E4328143138ABC890047C5CB /* openFrameworksLib.xcodeproj */ = {isa = PBXFileReference; lastKnownFileType = "wrapper.pb-project"; name = openFrameworksLib.xcodeproj; path = ../../../libs/openFrameworksCompiled/project/osx/openFrameworksLib.xcodeproj; sourceTree = SOURCE_ROOT; };
		E4B69B5B0A3A1756003C02F2 /* emptyExampleDebug.app */ = {isa = PBXFileReference; explicitFileType = wrapper.application; includeInIndex = 0; path = emptyExampleDebug.app; sourceTree = BUILT_PRODUCTS_DIR; };
		E4B69E1D0A3A1BDC003C02F2 /* main.cpp */ = {isa = PBXFileReference; fileEncoding = 30; lastKnownFileType = sourcecode.cpp.cpp; name = main.cpp; path = src/main.cpp; sourceTree = SOURCE_ROOT; };
		E4B69E1E0A3A1BDC003C02F2 /* ofApp.cpp */ = {isa = PBXFileReference; explicitFileType = sourcecode.cpp.cpp; fileEncoding = 30; name = ofApp.cpp; path = src/ofApp.cpp; sourceTree = SOURCE_ROOT; };
		E4B69E1F0A3A1BDC003C02F2 /* ofApp.h */ = {isa = PBXFileReference; fileEncoding = 30; lastKnownFileType = sourcecode.c.h; name = ofApp.h; path = src/ofApp.h; sourceTree = SOURCE_ROOT; };
		E4B6FCAD0C3E899E008CF71C /* openFrameworks-Info.plist */ = {isa = PBXFileReference; fileEncoding = 30; lastKnownFileType = text.plist.xml; path = "openFrameworks-Info.plist"; sourceTree = "<group>"; };
		E4EB691F138AFCF100A09F29 /* CoreOF.xcconfig */ = {isa = PBXFileReference; fileEncoding = 4; lastKnownFileType = text.xcconfig; name = CoreOF.xcconfig; path = ../../../libs/openFrameworksCompiled/project/osx/CoreOF.xcconfig; sourceTree = SOURCE_ROOT; };
		E4EB6923138AFD0F00A09F29 /* Project.xcconfig */ = {isa = PBXFileReference; fileEncoding = 4; lastKnownFileType = text.xcconfig; path = Project.xcconfig; sourceTree = "<group>"; };
		EE8586DE1C6244C100350C7A /* ofxBaseGui.cpp */ = {isa = PBXFileReference; fileEncoding = 4; lastKnownFileType = sourcecode.cpp.cpp; path = ofxBaseGui.cpp; sourceTree = "<group>"; };
		EE8586DF1C6244C100350C7A /* ofxBaseGui.h */ = {isa = PBXFileReference; fileEncoding = 4; lastKnownFileType = sourcecode.c.h; path = ofxBaseGui.h; sourceTree = "<group>"; };
		EE8586E01C6244C100350C7A /* ofxButton.cpp */ = {isa = PBXFileReference; fileEncoding = 4; lastKnownFileType = sourcecode.cpp.cpp; path = ofxButton.cpp; sourceTree = "<group>"; };
		EE8586E11C6244C100350C7A /* ofxButton.h */ = {isa = PBXFileReference; fileEncoding = 4; lastKnownFileType = sourcecode.c.h; path = ofxButton.h; sourceTree = "<group>"; };
		EE8586E21C6244C100350C7A /* ofxGui.h */ = {isa = PBXFileReference; fileEncoding = 4; lastKnownFileType = sourcecode.c.h; path = ofxGui.h; sourceTree = "<group>"; };
		EE8586E31C6244C100350C7A /* ofxGuiGroup.cpp */ = {isa = PBXFileReference; fileEncoding = 4; lastKnownFileType = sourcecode.cpp.cpp; path = ofxGuiGroup.cpp; sourceTree = "<group>"; };
		EE8586E41C6244C100350C7A /* ofxGuiGroup.h */ = {isa = PBXFileReference; fileEncoding = 4; lastKnownFileType = sourcecode.c.h; path = ofxGuiGroup.h; sourceTree = "<group>"; };
		EE8586E51C6244C100350C7A /* ofxLabel.cpp */ = {isa = PBXFileReference; fileEncoding = 4; lastKnownFileType = sourcecode.cpp.cpp; path = ofxLabel.cpp; sourceTree = "<group>"; };
		EE8586E61C6244C100350C7A /* ofxLabel.h */ = {isa = PBXFileReference; fileEncoding = 4; lastKnownFileType = sourcecode.c.h; path = ofxLabel.h; sourceTree = "<group>"; };
		EE8586E71C6244C100350C7A /* ofxPanel.cpp */ = {isa = PBXFileReference; fileEncoding = 4; lastKnownFileType = sourcecode.cpp.cpp; path = ofxPanel.cpp; sourceTree = "<group>"; };
		EE8586E81C6244C100350C7A /* ofxPanel.h */ = {isa = PBXFileReference; fileEncoding = 4; lastKnownFileType = sourcecode.c.h; path = ofxPanel.h; sourceTree = "<group>"; };
		EE8586E91C6244C100350C7A /* ofxSlider.cpp */ = {isa = PBXFileReference; fileEncoding = 4; lastKnownFileType = sourcecode.cpp.cpp; path = ofxSlider.cpp; sourceTree = "<group>"; };
		EE8586EA1C6244C100350C7A /* ofxSlider.h */ = {isa = PBXFileReference; fileEncoding = 4; lastKnownFileType = sourcecode.c.h; path = ofxSlider.h; sourceTree = "<group>"; };
		EE8586EB1C6244C100350C7A /* ofxSliderGroup.cpp */ = {isa = PBXFileReference; fileEncoding = 4; lastKnownFileType = sourcecode.cpp.cpp; path = ofxSliderGroup.cpp; sourceTree = "<group>"; };
		EE8586EC1C6244C100350C7A /* ofxSliderGroup.h */ = {isa = PBXFileReference; fileEncoding = 4; lastKnownFileType = sourcecode.c.h; path = ofxSliderGroup.h; sourceTree = "<group>"; };
		EE8586ED1C6244C100350C7A /* ofxToggle.cpp */ = {isa = PBXFileReference; fileEncoding = 4; lastKnownFileType = sourcecode.cpp.cpp; path = ofxToggle.cpp; sourceTree = "<group>"; };
		EE8586EE1C6244C100350C7A /* ofxToggle.h */ = {isa = PBXFileReference; fileEncoding = 4; lastKnownFileType = sourcecode.c.h; path = ofxToggle.h; sourceTree = "<group>"; };
		EE8586F91C6282E500350C7A /* iOSVersionDetection.h */ = {isa = PBXFileReference; fileEncoding = 4; lastKnownFileType = sourcecode.c.h; path = iOSVersionDetection.h; sourceTree = "<group>"; };
		EE8586FA1C6282E500350C7A /* PGArc.h */ = {isa = PBXFileReference; fileEncoding = 4; lastKnownFileType = sourcecode.c.h; path = PGArc.h; sourceTree = "<group>"; };
		EE8586FB1C6282E500350C7A /* PGMidi.h */ = {isa = PBXFileReference; fileEncoding = 4; lastKnownFileType = sourcecode.c.h; path = PGMidi.h; sourceTree = "<group>"; };
		EE8586FC1C6282E500350C7A /* PGMidi.mm */ = {isa = PBXFileReference; fileEncoding = 4; lastKnownFileType = sourcecode.cpp.objcpp; path = PGMidi.mm; sourceTree = "<group>"; };
		EE8586FD1C6282E500350C7A /* PGMidiAllSources.h */ = {isa = PBXFileReference; fileEncoding = 4; lastKnownFileType = sourcecode.c.h; path = PGMidiAllSources.h; sourceTree = "<group>"; };
		EE8586FE1C6282E500350C7A /* PGMidiAllSources.mm */ = {isa = PBXFileReference; fileEncoding = 4; lastKnownFileType = sourcecode.cpp.objcpp; path = PGMidiAllSources.mm; sourceTree = "<group>"; };
		EE8586FF1C6282E500350C7A /* PGMidiFind.h */ = {isa = PBXFileReference; fileEncoding = 4; lastKnownFileType = sourcecode.c.h; path = PGMidiFind.h; sourceTree = "<group>"; };
		EE8587001C6282E500350C7A /* PGMidiFind.mm */ = {isa = PBXFileReference; fileEncoding = 4; lastKnownFileType = sourcecode.cpp.objcpp; path = PGMidiFind.mm; sourceTree = "<group>"; };
		EE8587011C6282E500350C7A /* README.md */ = {isa = PBXFileReference; fileEncoding = 4; lastKnownFileType = net.daringfireball.markdown; path = README.md; sourceTree = "<group>"; };
		EE8587031C6282E500350C7A /* readme */ = {isa = PBXFileReference; fileEncoding = 4; lastKnownFileType = text; path = readme; sourceTree = "<group>"; };
		EE8587041C6282E500350C7A /* RtMidi.cpp */ = {isa = PBXFileReference; fileEncoding = 4; lastKnownFileType = sourcecode.cpp.cpp; path = RtMidi.cpp; sourceTree = "<group>"; };
		EE8587051C6282E500350C7A /* RtMidi.h */ = {isa = PBXFileReference; fileEncoding = 4; lastKnownFileType = sourcecode.c.h; path = RtMidi.h; sourceTree = "<group>"; };
		EE8587081C6282E500350C7A /* ofxRtMidiIn.cpp */ = {isa = PBXFileReference; fileEncoding = 4; lastKnownFileType = sourcecode.cpp.cpp; path = ofxRtMidiIn.cpp; sourceTree = "<group>"; };
		EE8587091C6282E500350C7A /* ofxRtMidiIn.h */ = {isa = PBXFileReference; fileEncoding = 4; lastKnownFileType = sourcecode.c.h; path = ofxRtMidiIn.h; sourceTree = "<group>"; };
		EE85870A1C6282E500350C7A /* ofxRtMidiOut.cpp */ = {isa = PBXFileReference; fileEncoding = 4; lastKnownFileType = sourcecode.cpp.cpp; path = ofxRtMidiOut.cpp; sourceTree = "<group>"; };
		EE85870B1C6282E500350C7A /* ofxRtMidiOut.h */ = {isa = PBXFileReference; fileEncoding = 4; lastKnownFileType = sourcecode.c.h; path = ofxRtMidiOut.h; sourceTree = "<group>"; };
		EE8587171C6282E500350C7A /* ofxBaseMidi.cpp */ = {isa = PBXFileReference; fileEncoding = 4; lastKnownFileType = sourcecode.cpp.cpp; path = ofxBaseMidi.cpp; sourceTree = "<group>"; };
		EE8587181C6282E500350C7A /* ofxBaseMidi.h */ = {isa = PBXFileReference; fileEncoding = 4; lastKnownFileType = sourcecode.c.h; path = ofxBaseMidi.h; sourceTree = "<group>"; };
		EE8587191C6282E500350C7A /* ofxMidi.cpp */ = {isa = PBXFileReference; fileEncoding = 4; lastKnownFileType = sourcecode.cpp.cpp; path = ofxMidi.cpp; sourceTree = "<group>"; };
		EE85871A1C6282E500350C7A /* ofxMidi.h */ = {isa = PBXFileReference; fileEncoding = 4; lastKnownFileType = sourcecode.c.h; path = ofxMidi.h; sourceTree = "<group>"; };
		EE85871B1C6282E500350C7A /* ofxMidiConstants.h */ = {isa = PBXFileReference; fileEncoding = 4; lastKnownFileType = sourcecode.c.h; path = ofxMidiConstants.h; sourceTree = "<group>"; };
		EE85871C1C6282E500350C7A /* ofxMidiIn.cpp */ = {isa = PBXFileReference; fileEncoding = 4; lastKnownFileType = sourcecode.cpp.cpp; path = ofxMidiIn.cpp; sourceTree = "<group>"; };
		EE85871D1C6282E500350C7A /* ofxMidiIn.h */ = {isa = PBXFileReference; fileEncoding = 4; lastKnownFileType = sourcecode.c.h; path = ofxMidiIn.h; sourceTree = "<group>"; };
		EE85871E1C6282E500350C7A /* ofxMidiMessage.cpp */ = {isa = PBXFileReference; fileEncoding = 4; lastKnownFileType = sourcecode.cpp.cpp; path = ofxMidiMessage.cpp; sourceTree = "<group>"; };
		EE85871F1C6282E500350C7A /* ofxMidiMessage.h */ = {isa = PBXFileReference; fileEncoding = 4; lastKnownFileType = sourcecode.c.h; path = ofxMidiMessage.h; sourceTree = "<group>"; };
		EE8587201C6282E500350C7A /* ofxMidiOut.cpp */ = {isa = PBXFileReference; fileEncoding = 4; lastKnownFileType = sourcecode.cpp.cpp; path = ofxMidiOut.cpp; sourceTree = "<group>"; };
		EE8587211C6282E500350C7A /* ofxMidiOut.h */ = {isa = PBXFileReference; fileEncoding = 4; lastKnownFileType = sourcecode.c.h; path = ofxMidiOut.h; sourceTree = "<group>"; };
		EE8587221C6282E500350C7A /* ofxMidiTypes.h */ = {isa = PBXFileReference; fileEncoding = 4; lastKnownFileType = sourcecode.c.h; path = ofxMidiTypes.h; sourceTree = "<group>"; };
		EE8587351C6284D700350C7A /* CoreMIDI.framework */ = {isa = PBXFileReference; lastKnownFileType = wrapper.framework; name = CoreMIDI.framework; path = System/Library/Frameworks/CoreMIDI.framework; sourceTree = SDKROOT; };
/* End PBXFileReference section */

/* Begin PBXFrameworksBuildPhase section */
		E4B69B590A3A1756003C02F2 /* Frameworks */ = {
			isa = PBXFrameworksBuildPhase;
			buildActionMask = 2147483647;
			files = (
				EE8587361C6284D700350C7A /* CoreMIDI.framework in Frameworks */,
				E4328149138ABC9F0047C5CB /* openFrameworksDebug.a in Frameworks */,
			);
			runOnlyForDeploymentPostprocessing = 0;
		};
/* End PBXFrameworksBuildPhase section */

/* Begin PBXGroup section */
		6948EE371B920CB800B5AC1A /* local_addons */ = {
			isa = PBXGroup;
			children = (
			);
			name = local_addons;
			sourceTree = "<group>";
		};
		BB4B014C10F69532006C3DED /* addons */ = {
			isa = PBXGroup;
			children = (
				EE8587341C6282E900350C7A /* ofxMidi */,
				EE8586DC1C6244C100350C7A /* ofxGui */,
			);
			name = addons;
			sourceTree = "<group>";
		};
		E4328144138ABC890047C5CB /* Products */ = {
			isa = PBXGroup;
			children = (
				E4328148138ABC890047C5CB /* openFrameworksDebug.a */,
			);
			name = Products;
			sourceTree = "<group>";
		};
		E4B69B4A0A3A1720003C02F2 = {
			isa = PBXGroup;
			children = (
				EE8587351C6284D700350C7A /* CoreMIDI.framework */,
				E4B6FCAD0C3E899E008CF71C /* openFrameworks-Info.plist */,
				E4EB6923138AFD0F00A09F29 /* Project.xcconfig */,
				E4B69E1C0A3A1BDC003C02F2 /* src */,
				E4EEC9E9138DF44700A80321 /* openFrameworks */,
				BB4B014C10F69532006C3DED /* addons */,
				6948EE371B920CB800B5AC1A /* local_addons */,
				E4B69B5B0A3A1756003C02F2 /* emptyExampleDebug.app */,
			);
			sourceTree = "<group>";
		};
		E4B69E1C0A3A1BDC003C02F2 /* src */ = {
			isa = PBXGroup;
			children = (
				E4B69E1D0A3A1BDC003C02F2 /* main.cpp */,
				E4B69E1E0A3A1BDC003C02F2 /* ofApp.cpp */,
				E4B69E1F0A3A1BDC003C02F2 /* ofApp.h */,
			);
			path = src;
			sourceTree = SOURCE_ROOT;
		};
		E4EEC9E9138DF44700A80321 /* openFrameworks */ = {
			isa = PBXGroup;
			children = (
				E4EB691F138AFCF100A09F29 /* CoreOF.xcconfig */,
				E4328143138ABC890047C5CB /* openFrameworksLib.xcodeproj */,
			);
			name = openFrameworks;
			sourceTree = "<group>";
		};
		EE8586DC1C6244C100350C7A /* ofxGui */ = {
			isa = PBXGroup;
			children = (
				EE8586DD1C6244C100350C7A /* src */,
			);
			name = ofxGui;
			path = ../../../addons/ofxGui;
			sourceTree = "<group>";
		};
		EE8586DD1C6244C100350C7A /* src */ = {
			isa = PBXGroup;
			children = (
				EE8586DE1C6244C100350C7A /* ofxBaseGui.cpp */,
				EE8586DF1C6244C100350C7A /* ofxBaseGui.h */,
				EE8586E01C6244C100350C7A /* ofxButton.cpp */,
				EE8586E11C6244C100350C7A /* ofxButton.h */,
				EE8586E21C6244C100350C7A /* ofxGui.h */,
				EE8586E31C6244C100350C7A /* ofxGuiGroup.cpp */,
				EE8586E41C6244C100350C7A /* ofxGuiGroup.h */,
				EE8586E51C6244C100350C7A /* ofxLabel.cpp */,
				EE8586E61C6244C100350C7A /* ofxLabel.h */,
				EE8586E71C6244C100350C7A /* ofxPanel.cpp */,
				EE8586E81C6244C100350C7A /* ofxPanel.h */,
				EE8586E91C6244C100350C7A /* ofxSlider.cpp */,
				EE8586EA1C6244C100350C7A /* ofxSlider.h */,
				EE8586EB1C6244C100350C7A /* ofxSliderGroup.cpp */,
				EE8586EC1C6244C100350C7A /* ofxSliderGroup.h */,
				EE8586ED1C6244C100350C7A /* ofxToggle.cpp */,
				EE8586EE1C6244C100350C7A /* ofxToggle.h */,
			);
			path = src;
			sourceTree = "<group>";
		};
		EE8586F71C6282E500350C7A /* libs */ = {
			isa = PBXGroup;
			children = (
				EE8586F81C6282E500350C7A /* pgmidi */,
				EE8587021C6282E500350C7A /* rtmidi */,
			);
			name = libs;
			path = ../../../addons/ofxMidi/libs;
			sourceTree = "<group>";
		};
		EE8586F81C6282E500350C7A /* pgmidi */ = {
			isa = PBXGroup;
			children = (
				EE8586F91C6282E500350C7A /* iOSVersionDetection.h */,
				EE8586FA1C6282E500350C7A /* PGArc.h */,
				EE8586FB1C6282E500350C7A /* PGMidi.h */,
				EE8586FC1C6282E500350C7A /* PGMidi.mm */,
				EE8586FD1C6282E500350C7A /* PGMidiAllSources.h */,
				EE8586FE1C6282E500350C7A /* PGMidiAllSources.mm */,
				EE8586FF1C6282E500350C7A /* PGMidiFind.h */,
				EE8587001C6282E500350C7A /* PGMidiFind.mm */,
				EE8587011C6282E500350C7A /* README.md */,
			);
			path = pgmidi;
			sourceTree = "<group>";
		};
		EE8587021C6282E500350C7A /* rtmidi */ = {
			isa = PBXGroup;
			children = (
				EE8587031C6282E500350C7A /* readme */,
				EE8587041C6282E500350C7A /* RtMidi.cpp */,
				EE8587051C6282E500350C7A /* RtMidi.h */,
			);
			path = rtmidi;
			sourceTree = "<group>";
		};
		EE8587061C6282E500350C7A /* src */ = {
			isa = PBXGroup;
			children = (
				EE8587071C6282E500350C7A /* desktop */,
				EE8587171C6282E500350C7A /* ofxBaseMidi.cpp */,
				EE8587181C6282E500350C7A /* ofxBaseMidi.h */,
				EE8587191C6282E500350C7A /* ofxMidi.cpp */,
				EE85871A1C6282E500350C7A /* ofxMidi.h */,
				EE85871B1C6282E500350C7A /* ofxMidiConstants.h */,
				EE85871C1C6282E500350C7A /* ofxMidiIn.cpp */,
				EE85871D1C6282E500350C7A /* ofxMidiIn.h */,
				EE85871E1C6282E500350C7A /* ofxMidiMessage.cpp */,
				EE85871F1C6282E500350C7A /* ofxMidiMessage.h */,
				EE8587201C6282E500350C7A /* ofxMidiOut.cpp */,
				EE8587211C6282E500350C7A /* ofxMidiOut.h */,
				EE8587221C6282E500350C7A /* ofxMidiTypes.h */,
			);
			name = src;
			path = ../../../addons/ofxMidi/src;
			sourceTree = "<group>";
		};
		EE8587071C6282E500350C7A /* desktop */ = {
			isa = PBXGroup;
			children = (
				EE8587081C6282E500350C7A /* ofxRtMidiIn.cpp */,
				EE8587091C6282E500350C7A /* ofxRtMidiIn.h */,
				EE85870A1C6282E500350C7A /* ofxRtMidiOut.cpp */,
				EE85870B1C6282E500350C7A /* ofxRtMidiOut.h */,
			);
			path = desktop;
			sourceTree = "<group>";
		};
		EE8587341C6282E900350C7A /* ofxMidi */ = {
			isa = PBXGroup;
			children = (
				EE8586F71C6282E500350C7A /* libs */,
				EE8587061C6282E500350C7A /* src */,
			);
			name = ofxMidi;
			sourceTree = "<group>";
		};
/* End PBXGroup section */

/* Begin PBXNativeTarget section */
		E4B69B5A0A3A1756003C02F2 /* emptyExample */ = {
			isa = PBXNativeTarget;
			buildConfigurationList = E4B69B5F0A3A1757003C02F2 /* Build configuration list for PBXNativeTarget "emptyExample" */;
			buildPhases = (
				E4B69B580A3A1756003C02F2 /* Sources */,
				E4B69B590A3A1756003C02F2 /* Frameworks */,
				E4B6FFFD0C3F9AB9008CF71C /* ShellScript */,
				E4C2427710CC5ABF004149E2 /* CopyFiles */,
			);
			buildRules = (
			);
			dependencies = (
				E4EEB9AC138B136A00A80321 /* PBXTargetDependency */,
			);
			name = emptyExample;
			productName = myOFApp;
			productReference = E4B69B5B0A3A1756003C02F2 /* emptyExampleDebug.app */;
			productType = "com.apple.product-type.application";
		};
/* End PBXNativeTarget section */

/* Begin PBXProject section */
		E4B69B4C0A3A1720003C02F2 /* Project object */ = {
			isa = PBXProject;
			attributes = {
				LastUpgradeCheck = 0600;
			};
			buildConfigurationList = E4B69B4D0A3A1720003C02F2 /* Build configuration list for PBXProject "emptyExample" */;
			compatibilityVersion = "Xcode 3.2";
			developmentRegion = English;
			hasScannedForEncodings = 0;
			knownRegions = (
				English,
				Japanese,
				French,
				German,
			);
			mainGroup = E4B69B4A0A3A1720003C02F2;
			productRefGroup = E4B69B4A0A3A1720003C02F2;
			projectDirPath = "";
			projectReferences = (
				{
					ProductGroup = E4328144138ABC890047C5CB /* Products */;
					ProjectRef = E4328143138ABC890047C5CB /* openFrameworksLib.xcodeproj */;
				},
			);
			projectRoot = "";
			targets = (
				E4B69B5A0A3A1756003C02F2 /* emptyExample */,
			);
		};
/* End PBXProject section */

/* Begin PBXReferenceProxy section */
		E4328148138ABC890047C5CB /* openFrameworksDebug.a */ = {
			isa = PBXReferenceProxy;
			fileType = archive.ar;
			path = openFrameworksDebug.a;
			remoteRef = E4328147138ABC890047C5CB /* PBXContainerItemProxy */;
			sourceTree = BUILT_PRODUCTS_DIR;
		};
/* End PBXReferenceProxy section */

/* Begin PBXShellScriptBuildPhase section */
		E4B6FFFD0C3F9AB9008CF71C /* ShellScript */ = {
			isa = PBXShellScriptBuildPhase;
			buildActionMask = 2147483647;
			files = (
			);
			inputPaths = (
			);
			outputPaths = (
			);
			runOnlyForDeploymentPostprocessing = 0;
			shellPath = /bin/sh;
			shellScript = "rsync -aved ../../../libs/fmodex/lib/osx/libfmodex.dylib \"$TARGET_BUILD_DIR/$PRODUCT_NAME.app/Contents/MacOS/\"; install_name_tool -change ./libfmodex.dylib @executable_path/libfmodex.dylib \"$TARGET_BUILD_DIR/$PRODUCT_NAME.app/Contents/MacOS/$PRODUCT_NAME\";\nmkdir -p \"$TARGET_BUILD_DIR/$PRODUCT_NAME.app/Contents/Resources/\"\nrsync -aved \"$ICON_FILE\" \"$TARGET_BUILD_DIR/$PRODUCT_NAME.app/Contents/Resources/\"\nrsync -aved ../../../libs/glut/lib/osx/GLUT.framework \"$TARGET_BUILD_DIR/$PRODUCT_NAME.app/Contents/Frameworks/\"\n";
		};
/* End PBXShellScriptBuildPhase section */

/* Begin PBXSourcesBuildPhase section */
		E4B69B580A3A1756003C02F2 /* Sources */ = {
			isa = PBXSourcesBuildPhase;
			buildActionMask = 2147483647;
			files = (
				EE8586F21C6244C100350C7A /* ofxLabel.cpp in Sources */,
				EE8587311C6282E500350C7A /* ofxMidiIn.cpp in Sources */,
				E4B69E200A3A1BDC003C02F2 /* main.cpp in Sources */,
				EE8586EF1C6244C100350C7A /* ofxBaseGui.cpp in Sources */,
				EE85872F1C6282E500350C7A /* ofxBaseMidi.cpp in Sources */,
				E4B69E210A3A1BDC003C02F2 /* ofApp.cpp in Sources */,
				EE8587251C6282E500350C7A /* PGMidiFind.mm in Sources */,
				EE8586F31C6244C100350C7A /* ofxPanel.cpp in Sources */,
				EE8586F01C6244C100350C7A /* ofxButton.cpp in Sources */,
				EE8586F41C6244C100350C7A /* ofxSlider.cpp in Sources */,
				EE8587301C6282E500350C7A /* ofxMidi.cpp in Sources */,
				EE8586F61C6244C100350C7A /* ofxToggle.cpp in Sources */,
				EE8586F51C6244C100350C7A /* ofxSliderGroup.cpp in Sources */,
				EE8587261C6282E500350C7A /* README.md in Sources */,
				EE8586F11C6244C100350C7A /* ofxGuiGroup.cpp in Sources */,
				EE8587241C6282E500350C7A /* PGMidiAllSources.mm in Sources */,
				EE8587281C6282E500350C7A /* ofxRtMidiIn.cpp in Sources */,
				EE8587231C6282E500350C7A /* PGMidi.mm in Sources */,
				EE8587331C6282E500350C7A /* ofxMidiOut.cpp in Sources */,
				EE8587271C6282E500350C7A /* RtMidi.cpp in Sources */,
				EE8587321C6282E500350C7A /* ofxMidiMessage.cpp in Sources */,
				EE8587291C6282E500350C7A /* ofxRtMidiOut.cpp in Sources */,
			);
			runOnlyForDeploymentPostprocessing = 0;
		};
/* End PBXSourcesBuildPhase section */

/* Begin PBXTargetDependency section */
		E4EEB9AC138B136A00A80321 /* PBXTargetDependency */ = {
			isa = PBXTargetDependency;
			name = openFrameworks;
			targetProxy = E4EEB9AB138B136A00A80321 /* PBXContainerItemProxy */;
		};
/* End PBXTargetDependency section */

/* Begin XCBuildConfiguration section */
		E4B69B4E0A3A1720003C02F2 /* Debug */ = {
			isa = XCBuildConfiguration;
			baseConfigurationReference = E4EB6923138AFD0F00A09F29 /* Project.xcconfig */;
			buildSettings = {
				CONFIGURATION_BUILD_DIR = "$(SRCROOT)/bin/";
				COPY_PHASE_STRIP = NO;
				DEAD_CODE_STRIPPING = YES;
				GCC_AUTO_VECTORIZATION = YES;
				GCC_ENABLE_SSE3_EXTENSIONS = YES;
				GCC_ENABLE_SUPPLEMENTAL_SSE3_INSTRUCTIONS = YES;
				GCC_INLINES_ARE_PRIVATE_EXTERN = NO;
				GCC_OPTIMIZATION_LEVEL = 0;
				GCC_SYMBOLS_PRIVATE_EXTERN = NO;
				GCC_WARN_ABOUT_DEPRECATED_FUNCTIONS = YES;
				GCC_WARN_ABOUT_INVALID_OFFSETOF_MACRO = NO;
				GCC_WARN_ALLOW_INCOMPLETE_PROTOCOL = NO;
				GCC_WARN_UNINITIALIZED_AUTOS = NO;
				GCC_WARN_UNUSED_VALUE = NO;
				GCC_WARN_UNUSED_VARIABLE = NO;
				HEADER_SEARCH_PATHS = (
					"$(OF_CORE_HEADERS)",
					src,
				);
				MACOSX_DEPLOYMENT_TARGET = 10.8;
				ONLY_ACTIVE_ARCH = YES;
				OTHER_CPLUSPLUSFLAGS = (
					"-D__MACOSX_CORE__",
					"-mtune=native",
				);
				SDKROOT = macosx;
			};
			name = Debug;
		};
		E4B69B4F0A3A1720003C02F2 /* Release */ = {
			isa = XCBuildConfiguration;
			baseConfigurationReference = E4EB6923138AFD0F00A09F29 /* Project.xcconfig */;
			buildSettings = {
				CONFIGURATION_BUILD_DIR = "$(SRCROOT)/bin/";
				COPY_PHASE_STRIP = YES;
				DEAD_CODE_STRIPPING = YES;
				GCC_AUTO_VECTORIZATION = YES;
				GCC_ENABLE_SSE3_EXTENSIONS = YES;
				GCC_ENABLE_SUPPLEMENTAL_SSE3_INSTRUCTIONS = YES;
				GCC_INLINES_ARE_PRIVATE_EXTERN = NO;
				GCC_OPTIMIZATION_LEVEL = 3;
				GCC_SYMBOLS_PRIVATE_EXTERN = NO;
				GCC_UNROLL_LOOPS = YES;
				GCC_WARN_ABOUT_DEPRECATED_FUNCTIONS = YES;
				GCC_WARN_ABOUT_INVALID_OFFSETOF_MACRO = NO;
				GCC_WARN_ALLOW_INCOMPLETE_PROTOCOL = NO;
				GCC_WARN_UNINITIALIZED_AUTOS = NO;
				GCC_WARN_UNUSED_VALUE = NO;
				GCC_WARN_UNUSED_VARIABLE = NO;
				HEADER_SEARCH_PATHS = (
					"$(OF_CORE_HEADERS)",
					src,
				);
				MACOSX_DEPLOYMENT_TARGET = 10.8;
				OTHER_CPLUSPLUSFLAGS = (
					"-D__MACOSX_CORE__",
					"-mtune=native",
				);
				SDKROOT = macosx;
			};
			name = Release;
		};
		E4B69B600A3A1757003C02F2 /* Debug */ = {
			isa = XCBuildConfiguration;
			baseConfigurationReference = E4EB6923138AFD0F00A09F29 /* Project.xcconfig */;
			buildSettings = {
				COMBINE_HIDPI_IMAGES = YES;
				COPY_PHASE_STRIP = NO;
				FRAMEWORK_SEARCH_PATHS = (
					"$(inherited)",
					"$(FRAMEWORK_SEARCH_PATHS_QUOTED_FOR_TARGET_1)",
				);
				FRAMEWORK_SEARCH_PATHS_QUOTED_FOR_TARGET_1 = "\"$(SRCROOT)/../../../libs/glut/lib/osx\"";
				GCC_DYNAMIC_NO_PIC = NO;
				GCC_GENERATE_DEBUGGING_SYMBOLS = YES;
				GCC_MODEL_TUNING = NONE;
				HEADER_SEARCH_PATHS = (
					"$(OF_CORE_HEADERS)",
					src,
				);
				ICON = "$(ICON_NAME_DEBUG)";
				ICON_FILE = "$(ICON_FILE_PATH)$(ICON)";
				INFOPLIST_FILE = "openFrameworks-Info.plist";
				INSTALL_PATH = "$(HOME)/Applications";
				LIBRARY_SEARCH_PATHS = "$(inherited)";
				PRODUCT_NAME = "$(TARGET_NAME)Debug";
				WRAPPER_EXTENSION = app;
			};
			name = Debug;
		};
		E4B69B610A3A1757003C02F2 /* Release */ = {
			isa = XCBuildConfiguration;
			baseConfigurationReference = E4EB6923138AFD0F00A09F29 /* Project.xcconfig */;
			buildSettings = {
				COMBINE_HIDPI_IMAGES = YES;
				COPY_PHASE_STRIP = YES;
				FRAMEWORK_SEARCH_PATHS = (
					"$(inherited)",
					"$(FRAMEWORK_SEARCH_PATHS_QUOTED_FOR_TARGET_1)",
				);
				FRAMEWORK_SEARCH_PATHS_QUOTED_FOR_TARGET_1 = "\"$(SRCROOT)/../../../libs/glut/lib/osx\"";
				GCC_GENERATE_DEBUGGING_SYMBOLS = YES;
				GCC_MODEL_TUNING = NONE;
				HEADER_SEARCH_PATHS = (
					"$(OF_CORE_HEADERS)",
					src,
				);
				ICON = "$(ICON_NAME_RELEASE)";
				ICON_FILE = "$(ICON_FILE_PATH)$(ICON)";
				INFOPLIST_FILE = "openFrameworks-Info.plist";
				INSTALL_PATH = "$(HOME)/Applications";
				LIBRARY_SEARCH_PATHS = "$(inherited)";
				PRODUCT_NAME = "$(TARGET_NAME)";
				WRAPPER_EXTENSION = app;
				baseConfigurationReference = E4EB6923138AFD0F00A09F29;
			};
			name = Release;
		};
/* End XCBuildConfiguration section */

/* Begin XCConfigurationList section */
		E4B69B4D0A3A1720003C02F2 /* Build configuration list for PBXProject "emptyExample" */ = {
			isa = XCConfigurationList;
			buildConfigurations = (
				E4B69B4E0A3A1720003C02F2 /* Debug */,
				E4B69B4F0A3A1720003C02F2 /* Release */,
			);
			defaultConfigurationIsVisible = 0;
			defaultConfigurationName = Release;
		};
		E4B69B5F0A3A1757003C02F2 /* Build configuration list for PBXNativeTarget "emptyExample" */ = {
			isa = XCConfigurationList;
			buildConfigurations = (
				E4B69B600A3A1757003C02F2 /* Debug */,
				E4B69B610A3A1757003C02F2 /* Release */,
			);
			defaultConfigurationIsVisible = 0;
			defaultConfigurationName = Release;
		};
/* End XCConfigurationList section */
	};
	rootObject = E4B69B4C0A3A1720003C02F2 /* Project object */;
}
